lockfileVersion: '9.0'

settings:
  autoInstallPeers: true
  excludeLinksFromLockfile: false

importers:

  .:
    dependencies:
      lodash:
        specifier: ^4.17.0
        version: 4.17.18

packages:

  lodash@4.17.18:
    resolution: {integrity: sha512-au4L1q0HKcaaa37qOdpWWhwzDnB/taYJfRiKULnaT+Ml9UaBIjJ2SOJMeLtSeeLT+zUdyFMm0+ts+j4eeuUpIA==}

snapshots:

  lodash@4.17.18: {}
